
Microsoft Visual Studio Solution File, Format Version 12.00
# Visual Studio 15
Project("{FAE04EC0-301F-11D3-BF4B-00C04F79EFBC}") = "Assembly-CSharp", "Assembly-CSharp.csproj", "{7ACB1826-DF64-FA8C-F434-18C6ED001E9A}"
EndProject
Project("{FAE04EC0-301F-11D3-BF4B-00C04F79EFBC}") = "Assembly-CSharp-Editor", "Assembly-CSharp-Editor.csproj", "{57005B88-B4D0-843B-0D93-09332CC1074A}"
EndProject
Global
	GlobalSection(SolutionConfigurationPlatforms) = preSolution
		Debug|Any CPU = Debug|Any CPU
		Release|Any CPU = Release|Any CPU
	EndGlobalSection
	GlobalSection(ProjectConfigurationPlatforms) = postSolution
		{7ACB1826-DF64-FA8C-F434-18C6ED001E9A}.Debug|Any CPU.ActiveCfg = Debug|Any CPU
		{7ACB1826-DF64-FA8C-F434-18C6ED001E9A}.Debug|Any CPU.Build.0 = Debug|Any CPU
		{7ACB1826-DF64-FA8C-F434-18C6ED001E9A}.Release|Any CPU.ActiveCfg = Release|Any CPU
		{7ACB1826-DF64-FA8C-F434-18C6ED001E9A}.Release|Any CPU.Build.0 = Release|Any CPU
		{57005B88-B4D0-843B-0D93-09332CC1074A}.Debug|Any CPU.ActiveCfg = Debug|Any CPU
		{57005B88-B4D0-843B-0D93-09332CC1074A}.Debug|Any CPU.Build.0 = Debug|Any CPU
		{57005B88-B4D0-843B-0D93-09332CC1074A}.Release|Any CPU.ActiveCfg = Release|Any CPU
		{57005B88-B4D0-843B-0D93-09332CC1074A}.Release|Any CPU.Build.0 = Release|Any CPU
	EndGlobalSection
	GlobalSection(SolutionProperties) = preSolution
		HideSolutionNode = FALSE
	EndGlobalSection
EndGlobal
